// !$*UTF8*$!
{
	archiveVersion = 1;
	classes = {
	};
	objectVersion = 46;
	objects = {

/* Begin PBXBuildFile section */
		DE6431C91CC5984300F2662B /* AppDelegate.swift in Sources */ = {isa = PBXBuildFile; fileRef = DE6431C81CC5984300F2662B /* AppDelegate.swift */; };
		DE6431CB1CC5984300F2662B /* ViewController.swift in Sources */ = {isa = PBXBuildFile; fileRef = DE6431CA1CC5984300F2662B /* ViewController.swift */; };
		DE6431CE1CC5984300F2662B /* Main.storyboard in Resources */ = {isa = PBXBuildFile; fileRef = DE6431CC1CC5984300F2662B /* Main.storyboard */; };
		DE6431D31CC5984300F2662B /* Assets.xcassets in Resources */ = {isa = PBXBuildFile; fileRef = DE6431D21CC5984300F2662B /* Assets.xcassets */; };
		DE6431D61CC5984300F2662B /* LaunchScreen.storyboard in Resources */ = {isa = PBXBuildFile; fileRef = DE6431D41CC5984300F2662B /* LaunchScreen.storyboard */; };
		DE6431E11CC5A03200F2662B /* GenericViewController.swift in Sources */ = {isa = PBXBuildFile; fileRef = DE6431E01CC5A03200F2662B /* GenericViewController.swift */; };
		DE6431E31CC5AB9300F2662B /* CoreData.framework in Frameworks */ = {isa = PBXBuildFile; fileRef = DE6431E21CC5AB9300F2662B /* CoreData.framework */; };
		DE6431E61CC5ACDE00F2662B /* CDHelper.swift in Sources */ = {isa = PBXBuildFile; fileRef = DE6431E51CC5ACDE00F2662B /* CDHelper.swift */; };
		DE6431EA1CC5C75F00F2662B /* Model.xcdatamodeld in Sources */ = {isa = PBXBuildFile; fileRef = DE6431E81CC5C75F00F2662B /* Model.xcdatamodeld */; };
		DE6431ED1CC6EBF400F2662B /* Item+CoreDataProperties.swift in Sources */ = {isa = PBXBuildFile; fileRef = DE6431EB1CC6EBF400F2662B /* Item+CoreDataProperties.swift */; };
		DE6431EE1CC6EBF400F2662B /* Item.swift in Sources */ = {isa = PBXBuildFile; fileRef = DE6431EC1CC6EBF400F2662B /* Item.swift */; };
		DE6431FE1CC71FBA00F2662B /* Measurement+CoreDataProperties.swift in Sources */ = {isa = PBXBuildFile; fileRef = DE6431FC1CC71FBA00F2662B /* Measurement+CoreDataProperties.swift */; };
		DE6431FF1CC71FBA00F2662B /* Measurement.swift in Sources */ = {isa = PBXBuildFile; fileRef = DE6431FD1CC71FBA00F2662B /* Measurement.swift */; };
		DE6432031CC7279D00F2662B /* Amount+CoreDataProperties.swift in Sources */ = {isa = PBXBuildFile; fileRef = DE6432011CC7279D00F2662B /* Amount+CoreDataProperties.swift */; };
		DE6432041CC7279D00F2662B /* Amount.swift in Sources */ = {isa = PBXBuildFile; fileRef = DE6432021CC7279D00F2662B /* Amount.swift */; };
		DE6432061CC72A0400F2662B /* Model2ToModel3.xcmappingmodel in Sources */ = {isa = PBXBuildFile; fileRef = DE6432051CC72A0400F2662B /* Model2ToModel3.xcmappingmodel */; };
		DE6432091CC7334E00F2662B /* MigrationViewController.swift in Sources */ = {isa = PBXBuildFile; fileRef = DE6432081CC7334E00F2662B /* MigrationViewController.swift */; };
		DE64320B1CC737EC00F2662B /* CDMigration.swift in Sources */ = {isa = PBXBuildFile; fileRef = DE64320A1CC737EC00F2662B /* CDMigration.swift */; };
		DE64320D1CC86C0700F2662B /* PrepareTableTableViewController.swift in Sources */ = {isa = PBXBuildFile; fileRef = DE64320C1CC86C0700F2662B /* PrepareTableTableViewController.swift */; };
		DE6432111CC86E1300F2662B /* Unit+CoreDataProperties.swift in Sources */ = {isa = PBXBuildFile; fileRef = DE64320F1CC86E1300F2662B /* Unit+CoreDataProperties.swift */; };
		DE6432121CC86E1300F2662B /* Unit.swift in Sources */ = {isa = PBXBuildFile; fileRef = DE6432101CC86E1300F2662B /* Unit.swift */; };
		DE6432141CC86E4D00F2662B /* Model3ToModel4.xcmappingmodel in Sources */ = {isa = PBXBuildFile; fileRef = DE6432131CC86E4D00F2662B /* Model3ToModel4.xcmappingmodel */; };
		DE6432171CC87B7E00F2662B /* CDOperation.swift in Sources */ = {isa = PBXBuildFile; fileRef = DE6432161CC87B7E00F2662B /* CDOperation.swift */; };
/* End PBXBuildFile section */

/* Begin PBXFileReference section */
		DE6431C51CC5984200F2662B /* GroceriesApp.app */ = {isa = PBXFileReference; explicitFileType = wrapper.application; includeInIndex = 0; path = GroceriesApp.app; sourceTree = BUILT_PRODUCTS_DIR; };
		DE6431C81CC5984300F2662B /* AppDelegate.swift */ = {isa = PBXFileReference; lastKnownFileType = sourcecode.swift; path = AppDelegate.swift; sourceTree = "<group>"; };
		DE6431CA1CC5984300F2662B /* ViewController.swift */ = {isa = PBXFileReference; lastKnownFileType = sourcecode.swift; path = ViewController.swift; sourceTree = "<group>"; };
		DE6431CD1CC5984300F2662B /* Base */ = {isa = PBXFileReference; lastKnownFileType = file.storyboard; name = Base; path = Base.lproj/Main.storyboard; sourceTree = "<group>"; };
		DE6431D21CC5984300F2662B /* Assets.xcassets */ = {isa = PBXFileReference; lastKnownFileType = folder.assetcatalog; path = Assets.xcassets; sourceTree = "<group>"; };
		DE6431D51CC5984300F2662B /* Base */ = {isa = PBXFileReference; lastKnownFileType = file.storyboard; name = Base; path = Base.lproj/LaunchScreen.storyboard; sourceTree = "<group>"; };
		DE6431D71CC5984300F2662B /* Info.plist */ = {isa = PBXFileReference; lastKnownFileType = text.plist.xml; path = Info.plist; sourceTree = "<group>"; };
		DE6431E01CC5A03200F2662B /* GenericViewController.swift */ = {isa = PBXFileReference; fileEncoding = 4; lastKnownFileType = sourcecode.swift; path = GenericViewController.swift; sourceTree = "<group>"; };
		DE6431E21CC5AB9300F2662B /* CoreData.framework */ = {isa = PBXFileReference; lastKnownFileType = wrapper.framework; name = CoreData.framework; path = System/Library/Frameworks/CoreData.framework; sourceTree = SDKROOT; };
		DE6431E51CC5ACDE00F2662B /* CDHelper.swift */ = {isa = PBXFileReference; fileEncoding = 4; lastKnownFileType = sourcecode.swift; path = CDHelper.swift; sourceTree = "<group>"; };
		DE6431E91CC5C75F00F2662B /* Model.xcdatamodel */ = {isa = PBXFileReference; lastKnownFileType = wrapper.xcdatamodel; path = Model.xcdatamodel; sourceTree = "<group>"; };
		DE6431EB1CC6EBF400F2662B /* Item+CoreDataProperties.swift */ = {isa = PBXFileReference; fileEncoding = 4; lastKnownFileType = sourcecode.swift; path = "Item+CoreDataProperties.swift"; sourceTree = "<group>"; };
		DE6431EC1CC6EBF400F2662B /* Item.swift */ = {isa = PBXFileReference; fileEncoding = 4; lastKnownFileType = sourcecode.swift; path = Item.swift; sourceTree = "<group>"; };
		DE6431EF1CC7161100F2662B /* Model 2.xcdatamodel */ = {isa = PBXFileReference; lastKnownFileType = wrapper.xcdatamodel; path = "Model 2.xcdatamodel"; sourceTree = "<group>"; };
		DE6431FC1CC71FBA00F2662B /* Measurement+CoreDataProperties.swift */ = {isa = PBXFileReference; fileEncoding = 4; lastKnownFileType = sourcecode.swift; path = "Measurement+CoreDataProperties.swift"; sourceTree = "<group>"; };
		DE6431FD1CC71FBA00F2662B /* Measurement.swift */ = {isa = PBXFileReference; fileEncoding = 4; lastKnownFileType = sourcecode.swift; path = Measurement.swift; sourceTree = "<group>"; };
		DE6432001CC7270100F2662B /* Model 3.xcdatamodel */ = {isa = PBXFileReference; lastKnownFileType = wrapper.xcdatamodel; path = "Model 3.xcdatamodel"; sourceTree = "<group>"; };
		DE6432011CC7279D00F2662B /* Amount+CoreDataProperties.swift */ = {isa = PBXFileReference; fileEncoding = 4; lastKnownFileType = sourcecode.swift; path = "Amount+CoreDataProperties.swift"; sourceTree = "<group>"; };
		DE6432021CC7279D00F2662B /* Amount.swift */ = {isa = PBXFileReference; fileEncoding = 4; lastKnownFileType = sourcecode.swift; path = Amount.swift; sourceTree = "<group>"; };
		DE6432051CC72A0400F2662B /* Model2ToModel3.xcmappingmodel */ = {isa = PBXFileReference; lastKnownFileType = wrapper.xcmappingmodel; path = Model2ToModel3.xcmappingmodel; sourceTree = "<group>"; };
		DE6432081CC7334E00F2662B /* MigrationViewController.swift */ = {isa = PBXFileReference; fileEncoding = 4; lastKnownFileType = sourcecode.swift; path = MigrationViewController.swift; sourceTree = "<group>"; };
		DE64320A1CC737EC00F2662B /* CDMigration.swift */ = {isa = PBXFileReference; fileEncoding = 4; lastKnownFileType = sourcecode.swift; path = CDMigration.swift; sourceTree = "<group>"; };
		DE64320C1CC86C0700F2662B /* PrepareTableTableViewController.swift */ = {isa = PBXFileReference; fileEncoding = 4; lastKnownFileType = sourcecode.swift; path = PrepareTableTableViewController.swift; sourceTree = "<group>"; };
		DE64320E1CC86D8600F2662B /* Model 4.xcdatamodel */ = {isa = PBXFileReference; lastKnownFileType = wrapper.xcdatamodel; path = "Model 4.xcdatamodel"; sourceTree = "<group>"; };
		DE64320F1CC86E1300F2662B /* Unit+CoreDataProperties.swift */ = {isa = PBXFileReference; fileEncoding = 4; lastKnownFileType = sourcecode.swift; path = "Unit+CoreDataProperties.swift"; sourceTree = "<group>"; };
		DE6432101CC86E1300F2662B /* Unit.swift */ = {isa = PBXFileReference; fileEncoding = 4; lastKnownFileType = sourcecode.swift; path = Unit.swift; sourceTree = "<group>"; };
		DE6432131CC86E4D00F2662B /* Model3ToModel4.xcmappingmodel */ = {isa = PBXFileReference; lastKnownFileType = wrapper.xcmappingmodel; path = Model3ToModel4.xcmappingmodel; sourceTree = "<group>"; };
		DE6432151CC873CA00F2662B /* Model 5.xcdatamodel */ = {isa = PBXFileReference; lastKnownFileType = wrapper.xcdatamodel; path = "Model 5.xcdatamodel"; sourceTree = "<group>"; };
		DE6432161CC87B7E00F2662B /* CDOperation.swift */ = {isa = PBXFileReference; fileEncoding = 4; lastKnownFileType = sourcecode.swift; path = CDOperation.swift; sourceTree = "<group>"; };
/* End PBXFileReference section */

/* Begin PBXFrameworksBuildPhase section */
		DE6431C21CC5984200F2662B /* Frameworks */ = {
			isa = PBXFrameworksBuildPhase;
			buildActionMask = 2147483647;
			files = (
				DE6431E31CC5AB9300F2662B /* CoreData.framework in Frameworks */,
			);
			runOnlyForDeploymentPostprocessing = 0;
		};
/* End PBXFrameworksBuildPhase section */

/* Begin PBXGroup section */
		DE6431BC1CC5984200F2662B = {
			isa = PBXGroup;
			children = (
				DE6431E21CC5AB9300F2662B /* CoreData.framework */,
				DE6431C71CC5984200F2662B /* GroceriesApp */,
				DE6431C61CC5984200F2662B /* Products */,
			);
			sourceTree = "<group>";
		};
		DE6431C61CC5984200F2662B /* Products */ = {
			isa = PBXGroup;
			children = (
				DE6431C51CC5984200F2662B /* GroceriesApp.app */,
			);
			name = Products;
			sourceTree = "<group>";
		};
		DE6431C71CC5984200F2662B /* GroceriesApp */ = {
			isa = PBXGroup;
			children = (
				DE6432071CC7331700F2662B /* View Controllers */,
				DE6431E71CC5C72D00F2662B /* Data Model */,
				DE6431E41CC5ACA500F2662B /* Generic Core Data Classes */,
				DE6431DD1CC59F7000F2662B /* Generic Classes */,
				DE6431C81CC5984300F2662B /* AppDelegate.swift */,
				DE6431CA1CC5984300F2662B /* ViewController.swift */,
				DE6431CC1CC5984300F2662B /* Main.storyboard */,
				DE6431D21CC5984300F2662B /* Assets.xcassets */,
				DE6431D41CC5984300F2662B /* LaunchScreen.storyboard */,
				DE6431D71CC5984300F2662B /* Info.plist */,
			);
			path = GroceriesApp;
			sourceTree = "<group>";
		};
		DE6431DD1CC59F7000F2662B /* Generic Classes */ = {
			isa = PBXGroup;
			children = (
				DE6431E01CC5A03200F2662B /* GenericViewController.swift */,
				DE64320A1CC737EC00F2662B /* CDMigration.swift */,
			);
			name = "Generic Classes";
			sourceTree = "<group>";
		};
		DE6431E41CC5ACA500F2662B /* Generic Core Data Classes */ = {
			isa = PBXGroup;
			children = (
				DE6432161CC87B7E00F2662B /* CDOperation.swift */,
				DE6431E51CC5ACDE00F2662B /* CDHelper.swift */,
			);
			name = "Generic Core Data Classes";
			sourceTree = "<group>";
		};
		DE6431E71CC5C72D00F2662B /* Data Model */ = {
			isa = PBXGroup;
			children = (
				DE64320F1CC86E1300F2662B /* Unit+CoreDataProperties.swift */,
				DE6432101CC86E1300F2662B /* Unit.swift */,
				DE6432011CC7279D00F2662B /* Amount+CoreDataProperties.swift */,
				DE6432021CC7279D00F2662B /* Amount.swift */,
				DE6431FC1CC71FBA00F2662B /* Measurement+CoreDataProperties.swift */,
				DE6431FD1CC71FBA00F2662B /* Measurement.swift */,
				DE6431EB1CC6EBF400F2662B /* Item+CoreDataProperties.swift */,
				DE6431EC1CC6EBF400F2662B /* Item.swift */,
				DE6431E81CC5C75F00F2662B /* Model.xcdatamodeld */,
				DE6432131CC86E4D00F2662B /* Model3ToModel4.xcmappingmodel */,
				DE6432051CC72A0400F2662B /* Model2ToModel3.xcmappingmodel */,
			);
			name = "Data Model";
			sourceTree = "<group>";
		};
		DE6432071CC7331700F2662B /* View Controllers */ = {
			isa = PBXGroup;
			children = (
				DE6432081CC7334E00F2662B /* MigrationViewController.swift */,
				DE64320C1CC86C0700F2662B /* PrepareTableTableViewController.swift */,
			);
			name = "View Controllers";
			sourceTree = "<group>";
		};
/* End PBXGroup section */

/* Begin PBXNativeTarget section */
		DE6431C41CC5984200F2662B /* GroceriesApp */ = {
			isa = PBXNativeTarget;
			buildConfigurationList = DE6431DA1CC5984300F2662B /* Build configuration list for PBXNativeTarget "GroceriesApp" */;
			buildPhases = (
				DE6431C11CC5984200F2662B /* Sources */,
				DE6431C21CC5984200F2662B /* Frameworks */,
				DE6431C31CC5984200F2662B /* Resources */,
			);
			buildRules = (
			);
			dependencies = (
			);
			name = GroceriesApp;
			productName = GroceriesApp;
			productReference = DE6431C51CC5984200F2662B /* GroceriesApp.app */;
			productType = "com.apple.product-type.application";
		};
/* End PBXNativeTarget section */

/* Begin PBXProject section */
		DE6431BD1CC5984200F2662B /* Project object */ = {
			isa = PBXProject;
			attributes = {
				LastSwiftUpdateCheck = 0730;
				LastUpgradeCheck = 0730;
				ORGANIZATIONNAME = "Iddy Magohe";
				TargetAttributes = {
					DE6431C41CC5984200F2662B = {
						CreatedOnToolsVersion = 7.3;
						DevelopmentTeam = GENQMH327N;
					};
				};
			};
			buildConfigurationList = DE6431C01CC5984200F2662B /* Build configuration list for PBXProject "GroceriesApp" */;
			compatibilityVersion = "Xcode 3.2";
			developmentRegion = English;
			hasScannedForEncodings = 0;
			knownRegions = (
				en,
				Base,
			);
			mainGroup = DE6431BC1CC5984200F2662B;
			productRefGroup = DE6431C61CC5984200F2662B /* Products */;
			projectDirPath = "";
			projectRoot = "";
			targets = (
				DE6431C41CC5984200F2662B /* GroceriesApp */,
			);
		};
/* End PBXProject section */

/* Begin PBXResourcesBuildPhase section */
		DE6431C31CC5984200F2662B /* Resources */ = {
			isa = PBXResourcesBuildPhase;
			buildActionMask = 2147483647;
			files = (
				DE6431D61CC5984300F2662B /* LaunchScreen.storyboard in Resources */,
				DE6431D31CC5984300F2662B /* Assets.xcassets in Resources */,
				DE6431CE1CC5984300F2662B /* Main.storyboard in Resources */,
			);
			runOnlyForDeploymentPostprocessing = 0;
		};
/* End PBXResourcesBuildPhase section */

/* Begin PBXSourcesBuildPhase section */
		DE6431C11CC5984200F2662B /* Sources */ = {
			isa = PBXSourcesBuildPhase;
			buildActionMask = 2147483647;
			files = (
				DE6431FE1CC71FBA00F2662B /* Measurement+CoreDataProperties.swift in Sources */,
				DE6432061CC72A0400F2662B /* Model2ToModel3.xcmappingmodel in Sources */,
				DE6432031CC7279D00F2662B /* Amount+CoreDataProperties.swift in Sources */,
				DE6432111CC86E1300F2662B /* Unit+CoreDataProperties.swift in Sources */,
				DE6432171CC87B7E00F2662B /* CDOperation.swift in Sources */,
				DE6431ED1CC6EBF400F2662B /* Item+CoreDataProperties.swift in Sources */,
				DE6431CB1CC5984300F2662B /* ViewController.swift in Sources */,
				DE6431E61CC5ACDE00F2662B /* CDHelper.swift in Sources */,
				DE6431E11CC5A03200F2662B /* GenericViewController.swift in Sources */,
				DE64320D1CC86C0700F2662B /* PrepareTableTableViewController.swift in Sources */,
				DE6432041CC7279D00F2662B /* Amount.swift in Sources */,
				DE6431FF1CC71FBA00F2662B /* Measurement.swift in Sources */,
				DE6431EE1CC6EBF400F2662B /* Item.swift in Sources */,
				DE6432091CC7334E00F2662B /* MigrationViewController.swift in Sources */,
				DE6432141CC86E4D00F2662B /* Model3ToModel4.xcmappingmodel in Sources */,
				DE6432121CC86E1300F2662B /* Unit.swift in Sources */,
				DE6431C91CC5984300F2662B /* AppDelegate.swift in Sources */,
				DE6431EA1CC5C75F00F2662B /* Model.xcdatamodeld in Sources */,
				DE64320B1CC737EC00F2662B /* CDMigration.swift in Sources */,
			);
			runOnlyForDeploymentPostprocessing = 0;
		};
/* End PBXSourcesBuildPhase section */

/* Begin PBXVariantGroup section */
		DE6431CC1CC5984300F2662B /* Main.storyboard */ = {
			isa = PBXVariantGroup;
			children = (
				DE6431CD1CC5984300F2662B /* Base */,
			);
			name = Main.storyboard;
			sourceTree = "<group>";
		};
		DE6431D41CC5984300F2662B /* LaunchScreen.storyboard */ = {
			isa = PBXVariantGroup;
			children = (
				DE6431D51CC5984300F2662B /* Base */,
			);
			name = LaunchScreen.storyboard;
			sourceTree = "<group>";
		};
/* End PBXVariantGroup section */

/* Begin XCBuildConfiguration section */
		DE6431D81CC5984300F2662B /* Debug */ = {
			isa = XCBuildConfiguration;
			buildSettings = {
				ALWAYS_SEARCH_USER_PATHS = NO;
				CLANG_ANALYZER_NONNULL = YES;
				CLANG_CXX_LANGUAGE_STANDARD = "gnu++0x";
				CLANG_CXX_LIBRARY = "libc++";
				CLANG_ENABLE_MODULES = YES;
				CLANG_ENABLE_OBJC_ARC = YES;
				CLANG_WARN_BOOL_CONVERSION = YES;
				CLANG_WARN_CONSTANT_CONVERSION = YES;
				CLANG_WARN_DIRECT_OBJC_ISA_USAGE = YES_ERROR;
				CLANG_WARN_EMPTY_BODY = YES;
				CLANG_WARN_ENUM_CONVERSION = YES;
				CLANG_WARN_INT_CONVERSION = YES;
				CLANG_WARN_OBJC_ROOT_CLASS = YES_ERROR;
				CLANG_WARN_UNREACHABLE_CODE = YES;
				CLANG_WARN__DUPLICATE_METHOD_MATCH = YES;
				"CODE_SIGN_IDENTITY[sdk=iphoneos*]" = "iPhone Developer";
				COPY_PHASE_STRIP = NO;
				DEBUG_INFORMATION_FORMAT = dwarf;
				ENABLE_STRICT_OBJC_MSGSEND = YES;
				ENABLE_TESTABILITY = YES;
				GCC_C_LANGUAGE_STANDARD = gnu99;
				GCC_DYNAMIC_NO_PIC = NO;
				GCC_NO_COMMON_BLOCKS = YES;
				GCC_OPTIMIZATION_LEVEL = 0;
				GCC_PREPROCESSOR_DEFINITIONS = (
					"DEBUG=1",
					"$(inherited)",
				);
				GCC_WARN_64_TO_32_BIT_CONVERSION = YES;
				GCC_WARN_ABOUT_RETURN_TYPE = YES_ERROR;
				GCC_WARN_UNDECLARED_SELECTOR = YES;
				GCC_WARN_UNINITIALIZED_AUTOS = YES_AGGRESSIVE;
				GCC_WARN_UNUSED_FUNCTION = YES;
				GCC_WARN_UNUSED_VARIABLE = YES;
				IPHONEOS_DEPLOYMENT_TARGET = 9.3;
				MTL_ENABLE_DEBUG_INFO = YES;
				ONLY_ACTIVE_ARCH = YES;
				SDKROOT = iphoneos;
				SWIFT_OPTIMIZATION_LEVEL = "-Onone";
			};
			name = Debug;
		};
		DE6431D91CC5984300F2662B /* Release */ = {
			isa = XCBuildConfiguration;
			buildSettings = {
				ALWAYS_SEARCH_USER_PATHS = NO;
				CLANG_ANALYZER_NONNULL = YES;
				CLANG_CXX_LANGUAGE_STANDARD = "gnu++0x";
				CLANG_CXX_LIBRARY = "libc++";
				CLANG_ENABLE_MODULES = YES;
				CLANG_ENABLE_OBJC_ARC = YES;
				CLANG_WARN_BOOL_CONVERSION = YES;
				CLANG_WARN_CONSTANT_CONVERSION = YES;
				CLANG_WARN_DIRECT_OBJC_ISA_USAGE = YES_ERROR;
				CLANG_WARN_EMPTY_BODY = YES;
				CLANG_WARN_ENUM_CONVERSION = YES;
				CLANG_WARN_INT_CONVERSION = YES;
				CLANG_WARN_OBJC_ROOT_CLASS = YES_ERROR;
				CLANG_WARN_UNREACHABLE_CODE = YES;
				CLANG_WARN__DUPLICATE_METHOD_MATCH = YES;
				"CODE_SIGN_IDENTITY[sdk=iphoneos*]" = "iPhone Developer";
				COPY_PHASE_STRIP = NO;
				DEBUG_INFORMATION_FORMAT = "dwarf-with-dsym";
				ENABLE_NS_ASSERTIONS = NO;
				ENABLE_STRICT_OBJC_MSGSEND = YES;
				GCC_C_LANGUAGE_STANDARD = gnu99;
				GCC_NO_COMMON_BLOCKS = YES;
				GCC_WARN_64_TO_32_BIT_CONVERSION = YES;
				GCC_WARN_ABOUT_RETURN_TYPE = YES_ERROR;
				GCC_WARN_UNDECLARED_SELECTOR = YES;
				GCC_WARN_UNINITIALIZED_AUTOS = YES_AGGRESSIVE;
				GCC_WARN_UNUSED_FUNCTION = YES;
				GCC_WARN_UNUSED_VARIABLE = YES;
				IPHONEOS_DEPLOYMENT_TARGET = 9.3;
				MTL_ENABLE_DEBUG_INFO = NO;
				SDKROOT = iphoneos;
				VALIDATE_PRODUCT = YES;
			};
			name = Release;
		};
		DE6431DB1CC5984300F2662B /* Debug */ = {
			isa = XCBuildConfiguration;
			buildSettings = {
				ASSETCATALOG_COMPILER_APPICON_NAME = AppIcon;
				INFOPLIST_FILE = GroceriesApp/Info.plist;
				LD_RUNPATH_SEARCH_PATHS = "$(inherited) @executable_path/Frameworks";
				PRODUCT_BUNDLE_IDENTIFIER = "iddy85-gmail.com.GroceriesApp";
				PRODUCT_NAME = "$(TARGET_NAME)";
			};
			name = Debug;
		};
		DE6431DC1CC5984300F2662B /* Release */ = {
			isa = XCBuildConfiguration;
			buildSettings = {
				ASSETCATALOG_COMPILER_APPICON_NAME = AppIcon;
				INFOPLIST_FILE = GroceriesApp/Info.plist;
				LD_RUNPATH_SEARCH_PATHS = "$(inherited) @executable_path/Frameworks";
				PRODUCT_BUNDLE_IDENTIFIER = "iddy85-gmail.com.GroceriesApp";
				PRODUCT_NAME = "$(TARGET_NAME)";
			};
			name = Release;
		};
/* End XCBuildConfiguration section */

/* Begin XCConfigurationList section */
		DE6431C01CC5984200F2662B /* Build configuration list for PBXProject "GroceriesApp" */ = {
			isa = XCConfigurationList;
			buildConfigurations = (
				DE6431D81CC5984300F2662B /* Debug */,
				DE6431D91CC5984300F2662B /* Release */,
			);
			defaultConfigurationIsVisible = 0;
			defaultConfigurationName = Release;
		};
		DE6431DA1CC5984300F2662B /* Build configuration list for PBXNativeTarget "GroceriesApp" */ = {
			isa = XCConfigurationList;
			buildConfigurations = (
				DE6431DB1CC5984300F2662B /* Debug */,
				DE6431DC1CC5984300F2662B /* Release */,
			);
			defaultConfigurationIsVisible = 0;
			defaultConfigurationName = Release;
		};
/* End XCConfigurationList section */

/* Begin XCVersionGroup section */
		DE6431E81CC5C75F00F2662B /* Model.xcdatamodeld */ = {
			isa = XCVersionGroup;
			children = (
				DE6432151CC873CA00F2662B /* Model 5.xcdatamodel */,
				DE64320E1CC86D8600F2662B /* Model 4.xcdatamodel */,
				DE6432001CC7270100F2662B /* Model 3.xcdatamodel */,
				DE6431EF1CC7161100F2662B /* Model 2.xcdatamodel */,
				DE6431E91CC5C75F00F2662B /* Model.xcdatamodel */,
			);
			currentVersion = DE6432151CC873CA00F2662B /* Model 5.xcdatamodel */;
			path = Model.xcdatamodeld;
			sourceTree = "<group>";
			versionGroupType = wrapper.xcdatamodel;
		};
/* End XCVersionGroup section */
	};
	rootObject = DE6431BD1CC5984200F2662B /* Project object */;
}
